
Microsoft Visual Studio Solution File, Format Version 12.00
# Visual Studio 15
VisualStudioVersion = 15.0.27130.2024
MinimumVisualStudioVersion = 10.0.40219.1
Project("{FAE04EC0-301F-11D3-BF4B-00C04F79EFBC}") = "ImportWorkTask", "ImportWorkTask\ImportWorkTask.csproj", "{9B85BDC2-DB2F-4E0D-8B6D-2C7F0B4E4711}"
EndProject
Global
	GlobalSection(SolutionConfigurationPlatforms) = preSolution
		Debug|Any CPU = Debug|Any CPU
		Release|Any CPU = Release|Any CPU
	EndGlobalSection
	GlobalSection(ProjectConfigurationPlatforms) = postSolution
		{9B85BDC2-DB2F-4E0D-8B6D-2C7F0B4E4711}.Debug|Any CPU.ActiveCfg = Debug|Any CPU
		{9B85BDC2-DB2F-4E0D-8B6D-2C7F0B4E4711}.Debug|Any CPU.Build.0 = Debug|Any CPU
		{9B85BDC2-DB2F-4E0D-8B6D-2C7F0B4E4711}.Release|Any CPU.ActiveCfg = Release|Any CPU
		{9B85BDC2-DB2F-4E0D-8B6D-2C7F0B4E4711}.Release|Any CPU.Build.0 = Release|Any CPU
	EndGlobalSection
	GlobalSection(SolutionProperties) = preSolution
		HideSolutionNode = FALSE
	EndGlobalSection
	GlobalSection(ExtensibilityGlobals) = postSolution
		SolutionGuid = {C2301052-F341-452B-952A-396FCED524B9}
	EndGlobalSection
EndGlobal
